// !$*UTF8*$!
{
	archiveVersion = 1;
	classes = {
	};
	objectVersion = 46;
	objects = {

/* Begin PBXBuildFile section */
		920B63E51BF53C9000C9AD51 /* AppDelegate.swift in Sources */ = {isa = PBXBuildFile; fileRef = 920B63E41BF53C9000C9AD51 /* AppDelegate.swift */; };
		920B63E71BF53C9000C9AD51 /* ViewController.swift in Sources */ = {isa = PBXBuildFile; fileRef = 920B63E61BF53C9000C9AD51 /* ViewController.swift */; };
		920B63EA1BF53C9000C9AD51 /* Main.storyboard in Resources */ = {isa = PBXBuildFile; fileRef = 920B63E81BF53C9000C9AD51 /* Main.storyboard */; };
		920B63EC1BF53C9000C9AD51 /* Assets.xcassets in Resources */ = {isa = PBXBuildFile; fileRef = 920B63EB1BF53C9000C9AD51 /* Assets.xcassets */; };
		920B63EF1BF53C9000C9AD51 /* LaunchScreen.storyboard in Resources */ = {isa = PBXBuildFile; fileRef = 920B63ED1BF53C9000C9AD51 /* LaunchScreen.storyboard */; };
/* End PBXBuildFile section */

/* Begin PBXFileReference section */
		920B63E11BF53C9000C9AD51 /* ScrollViews.app */ = {isa = PBXFileReference; explicitFileType = wrapper.application; includeInIndex = 0; path = ScrollViews.app; sourceTree = BUILT_PRODUCTS_DIR; };
		920B63E41BF53C9000C9AD51 /* AppDelegate.swift */ = {isa = PBXFileReference; lastKnownFileType = sourcecode.swift; path = AppDelegate.swift; sourceTree = "<group>"; };
		920B63E61BF53C9000C9AD51 /* ViewController.swift */ = {isa = PBXFileReference; lastKnownFileType = sourcecode.swift; path = ViewController.swift; sourceTree = "<group>"; };
		920B63E91BF53C9000C9AD51 /* Base */ = {isa = PBXFileReference; lastKnownFileType = file.storyboard; name = Base; path = Base.lproj/Main.storyboard; sourceTree = "<group>"; };
		920B63EB1BF53C9000C9AD51 /* Assets.xcassets */ = {isa = PBXFileReference; lastKnownFileType = folder.assetcatalog; path = Assets.xcassets; sourceTree = "<group>"; };
		920B63EE1BF53C9000C9AD51 /* Base */ = {isa = PBXFileReference; lastKnownFileType = file.storyboard; name = Base; path = Base.lproj/LaunchScreen.storyboard; sourceTree = "<group>"; };
		920B63F01BF53C9000C9AD51 /* Info.plist */ = {isa = PBXFileReference; lastKnownFileType = text.plist.xml; path = Info.plist; sourceTree = "<group>"; };
/* End PBXFileReference section */

/* Begin PBXFrameworksBuildPhase section */
		920B63DE1BF53C9000C9AD51 /* Frameworks */ = {
			isa = PBXFrameworksBuildPhase;
			buildActionMask = 2147483647;
			files = (
			);
			runOnlyForDeploymentPostprocessing = 0;
		};
/* End PBXFrameworksBuildPhase section */

/* Begin PBXGroup section */
		920B63D81BF53C9000C9AD51 = {
			isa = PBXGroup;
			children = (
				920B63E31BF53C9000C9AD51 /* ScrollViews */,
				920B63E21BF53C9000C9AD51 /* Products */,
			);
			sourceTree = "<group>";
		};
		920B63E21BF53C9000C9AD51 /* Products */ = {
			isa = PBXGroup;
			children = (
				920B63E11BF53C9000C9AD51 /* ScrollViews.app */,
			);
			name = Products;
			sourceTree = "<group>";
		};
		920B63E31BF53C9000C9AD51 /* ScrollViews */ = {
			isa = PBXGroup;
			children = (
				920B63E41BF53C9000C9AD51 /* AppDelegate.swift */,
				920B63E61BF53C9000C9AD51 /* ViewController.swift */,
				920B63E81BF53C9000C9AD51 /* Main.storyboard */,
				920B63EB1BF53C9000C9AD51 /* Assets.xcassets */,
				920B63ED1BF53C9000C9AD51 /* LaunchScreen.storyboard */,
				920B63F01BF53C9000C9AD51 /* Info.plist */,
			);
			path = ScrollViews;
			sourceTree = "<group>";
		};
/* End PBXGroup section */

/* Begin PBXNativeTarget section */
		920B63E01BF53C9000C9AD51 /* ScrollViews */ = {
			isa = PBXNativeTarget;
			buildConfigurationList = 920B63F31BF53C9000C9AD51 /* Build configuration list for PBXNativeTarget "ScrollViews" */;
			buildPhases = (
				920B63DD1BF53C9000C9AD51 /* Sources */,
				920B63DE1BF53C9000C9AD51 /* Frameworks */,
				920B63DF1BF53C9000C9AD51 /* Resources */,
			);
			buildRules = (
			);
			dependencies = (
			);
			name = ScrollViews;
			productName = ScrollViews;
			productReference = 920B63E11BF53C9000C9AD51 /* ScrollViews.app */;
			productType = "com.apple.product-type.application";
		};
/* End PBXNativeTarget section */

/* Begin PBXProject section */
		920B63D91BF53C9000C9AD51 /* Project object */ = {
			isa = PBXProject;
			attributes = {
				LastSwiftUpdateCheck = 0710;
				LastUpgradeCheck = 0710;
				ORGANIZATIONNAME = "Zach Larsen";
				TargetAttributes = {
					920B63E01BF53C9000C9AD51 = {
						CreatedOnToolsVersion = 7.1;
					};
				};
			};
			buildConfigurationList = 920B63DC1BF53C9000C9AD51 /* Build configuration list for PBXProject "ScrollViews" */;
			compatibilityVersion = "Xcode 3.2";
			developmentRegion = English;
			hasScannedForEncodings = 0;
			knownRegions = (
				en,
				Base,
			);
			mainGroup = 920B63D81BF53C9000C9AD51;
			productRefGroup = 920B63E21BF53C9000C9AD51 /* Products */;
			projectDirPath = "";
			projectRoot = "";
			targets = (
				920B63E01BF53C9000C9AD51 /* ScrollViews */,
			);
		};
/* End PBXProject section */

/* Begin PBXResourcesBuildPhase section */
		920B63DF1BF53C9000C9AD51 /* Resources */ = {
			isa = PBXResourcesBuildPhase;
			buildActionMask = 2147483647;
			files = (
				920B63EF1BF53C9000C9AD51 /* LaunchScreen.storyboard in Resources */,
				920B63EC1BF53C9000C9AD51 /* Assets.xcassets in Resources */,
				920B63EA1BF53C9000C9AD51 /* Main.storyboard in Resources */,
			);
			runOnlyForDeploymentPostprocessing = 0;
		};
/* End PBXResourcesBuildPhase section */

/* Begin PBXSourcesBuildPhase section */
		920B63DD1BF53C9000C9AD51 /* Sources */ = {
			isa = PBXSourcesBuildPhase;
			buildActionMask = 2147483647;
			files = (
				920B63E71BF53C9000C9AD51 /* ViewController.swift in Sources */,
				920B63E51BF53C9000C9AD51 /* AppDelegate.swift in Sources */,
			);
			runOnlyForDeploymentPostprocessing = 0;
		};
/* End PBXSourcesBuildPhase section */

/* Begin PBXVariantGroup section */
		920B63E81BF53C9000C9AD51 /* Main.storyboard */ = {
			isa = PBXVariantGroup;
			children = (
				920B63E91BF53C9000C9AD51 /* Base */,
			);
			name = Main.storyboard;
			sourceTree = "<group>";
		};
		920B63ED1BF53C9000C9AD51 /* LaunchScreen.storyboard */ = {
			isa = PBXVariantGroup;
			children = (
				920B63EE1BF53C9000C9AD51 /* Base */,
			);
			name = LaunchScreen.storyboard;
			sourceTree = "<group>";
		};
/* End PBXVariantGroup section */

/* Begin XCBuildConfiguration section */
		920B63F11BF53C9000C9AD51 /* Debug */ = {
			isa = XCBuildConfiguration;
			buildSettings = {
				ALWAYS_SEARCH_USER_PATHS = NO;
				CLANG_CXX_LANGUAGE_STANDARD = "gnu++0x";
				CLANG_CXX_LIBRARY = "libc++";
				CLANG_ENABLE_MODULES = YES;
				CLANG_ENABLE_OBJC_ARC = YES;
				CLANG_WARN_BOOL_CONVERSION = YES;
				CLANG_WARN_CONSTANT_CONVERSION = YES;
				CLANG_WARN_DIRECT_OBJC_ISA_USAGE = YES_ERROR;
				CLANG_WARN_EMPTY_BODY = YES;
				CLANG_WARN_ENUM_CONVERSION = YES;
				CLANG_WARN_INT_CONVERSION = YES;
				CLANG_WARN_OBJC_ROOT_CLASS = YES_ERROR;
				CLANG_WARN_UNREACHABLE_CODE = YES;
				CLANG_WARN__DUPLICATE_METHOD_MATCH = YES;
				"CODE_SIGN_IDENTITY[sdk=iphoneos*]" = "iPhone Developer";
				COPY_PHASE_STRIP = NO;
				DEBUG_INFORMATION_FORMAT = dwarf;
				ENABLE_STRICT_OBJC_MSGSEND = YES;
				ENABLE_TESTABILITY = YES;
				GCC_C_LANGUAGE_STANDARD = gnu99;
				GCC_DYNAMIC_NO_PIC = NO;
				GCC_NO_COMMON_BLOCKS = YES;
				GCC_OPTIMIZATION_LEVEL = 0;
				GCC_PREPROCESSOR_DEFINITIONS = (
					"DEBUG=1",
					"$(inherited)",
				);
				GCC_WARN_64_TO_32_BIT_CONVERSION = YES;
				GCC_WARN_ABOUT_RETURN_TYPE = YES_ERROR;
				GCC_WARN_UNDECLARED_SELECTOR = YES;
				GCC_WARN_UNINITIALIZED_AUTOS = YES_AGGRESSIVE;
				GCC_WARN_UNUSED_FUNCTION = YES;
				GCC_WARN_UNUSED_VARIABLE = YES;
				IPHONEOS_DEPLOYMENT_TARGET = 9.1;
				MTL_ENABLE_DEBUG_INFO = YES;
				ONLY_ACTIVE_ARCH = YES;
				SDKROOT = iphoneos;
				SWIFT_OPTIMIZATION_LEVEL = "-Onone";
			};
			name = Debug;
		};
		920B63F21BF53C9000C9AD51 /* Release */ = {
			isa = XCBuildConfiguration;
			buildSettings = {
				ALWAYS_SEARCH_USER_PATHS = NO;
				CLANG_CXX_LANGUAGE_STANDARD = "gnu++0x";
				CLANG_CXX_LIBRARY = "libc++";
				CLANG_ENABLE_MODULES = YES;
				CLANG_ENABLE_OBJC_ARC = YES;
				CLANG_WARN_BOOL_CONVERSION = YES;
				CLANG_WARN_CONSTANT_CONVERSION = YES;
				CLANG_WARN_DIRECT_OBJC_ISA_USAGE = YES_ERROR;
				CLANG_WARN_EMPTY_BODY = YES;
				CLANG_WARN_ENUM_CONVERSION = YES;
				CLANG_WARN_INT_CONVERSION = YES;
				CLANG_WARN_OBJC_ROOT_CLASS = YES_ERROR;
				CLANG_WARN_UNREACHABLE_CODE = YES;
				CLANG_WARN__DUPLICATE_METHOD_MATCH = YES;
				"CODE_SIGN_IDENTITY[sdk=iphoneos*]" = "iPhone Developer";
				COPY_PHASE_STRIP = NO;
				DEBUG_INFORMATION_FORMAT = "dwarf-with-dsym";
				ENABLE_NS_ASSERTIONS = NO;
				ENABLE_STRICT_OBJC_MSGSEND = YES;
				GCC_C_LANGUAGE_STANDARD = gnu99;
				GCC_NO_COMMON_BLOCKS = YES;
				GCC_WARN_64_TO_32_BIT_CONVERSION = YES;
				GCC_WARN_ABOUT_RETURN_TYPE = YES_ERROR;
				GCC_WARN_UNDECLARED_SELECTOR = YES;
				GCC_WARN_UNINITIALIZED_AUTOS = YES_AGGRESSIVE;
				GCC_WARN_UNUSED_FUNCTION = YES;
				GCC_WARN_UNUSED_VARIABLE = YES;
				IPHONEOS_DEPLOYMENT_TARGET = 9.1;
				MTL_ENABLE_DEBUG_INFO = NO;
				SDKROOT = iphoneos;
				VALIDATE_PRODUCT = YES;
			};
			name = Release;
		};
		920B63F41BF53C9000C9AD51 /* Debug */ = {
			isa = XCBuildConfiguration;
			buildSettings = {
				ASSETCATALOG_COMPILER_APPICON_NAME = AppIcon;
				INFOPLIST_FILE = ScrollViews/Info.plist;
				LD_RUNPATH_SEARCH_PATHS = "$(inherited) @executable_path/Frameworks";
				PRODUCT_BUNDLE_IDENTIFIER = com.zachariahlarsen.ScrollViews;
				PRODUCT_NAME = "$(TARGET_NAME)";
			};
			name = Debug;
		};
		920B63F51BF53C9000C9AD51 /* Release */ = {
			isa = XCBuildConfiguration;
			buildSettings = {
				ASSETCATALOG_COMPILER_APPICON_NAME = AppIcon;
				INFOPLIST_FILE = ScrollViews/Info.plist;
				LD_RUNPATH_SEARCH_PATHS = "$(inherited) @executable_path/Frameworks";
				PRODUCT_BUNDLE_IDENTIFIER = com.zachariahlarsen.ScrollViews;
				PRODUCT_NAME = "$(TARGET_NAME)";
			};
			name = Release;
		};
/* End XCBuildConfiguration section */

/* Begin XCConfigurationList section */
		920B63DC1BF53C9000C9AD51 /* Build configuration list for PBXProject "ScrollViews" */ = {
			isa = XCConfigurationList;
			buildConfigurations = (
				920B63F11BF53C9000C9AD51 /* Debug */,
				920B63F21BF53C9000C9AD51 /* Release */,
			);
			defaultConfigurationIsVisible = 0;
			defaultConfigurationName = Release;
		};
		920B63F31BF53C9000C9AD51 /* Build configuration list for PBXNativeTarget "ScrollViews" */ = {
			isa = XCConfigurationList;
			buildConfigurations = (
				920B63F41BF53C9000C9AD51 /* Debug */,
				920B63F51BF53C9000C9AD51 /* Release */,
			);
			defaultConfigurationIsVisible = 0;
		};
/* End XCConfigurationList section */
	};
	rootObject = 920B63D91BF53C9000C9AD51 /* Project object */;
}
