// !$*UTF8*$!
{
	archiveVersion = 1;
	classes = {
	};
	objectVersion = 46;
	objects = {

/* Begin PBXBuildFile section */
		92CC5BBA1BEC054B006DC9CE /* AppDelegate.swift in Sources */ = {isa = PBXBuildFile; fileRef = 92CC5BB91BEC054B006DC9CE /* AppDelegate.swift */; };
		92CC5BBC1BEC054B006DC9CE /* ViewController.swift in Sources */ = {isa = PBXBuildFile; fileRef = 92CC5BBB1BEC054B006DC9CE /* ViewController.swift */; };
		92CC5BBF1BEC054B006DC9CE /* Main.storyboard in Resources */ = {isa = PBXBuildFile; fileRef = 92CC5BBD1BEC054B006DC9CE /* Main.storyboard */; };
		92CC5BC11BEC054B006DC9CE /* Assets.xcassets in Resources */ = {isa = PBXBuildFile; fileRef = 92CC5BC01BEC054B006DC9CE /* Assets.xcassets */; };
		92CC5BC41BEC054B006DC9CE /* LaunchScreen.storyboard in Resources */ = {isa = PBXBuildFile; fileRef = 92CC5BC21BEC054B006DC9CE /* LaunchScreen.storyboard */; };
/* End PBXBuildFile section */

/* Begin PBXFileReference section */
		92CC5BB61BEC054B006DC9CE /* Flo.app */ = {isa = PBXFileReference; explicitFileType = wrapper.application; includeInIndex = 0; path = Flo.app; sourceTree = BUILT_PRODUCTS_DIR; };
		92CC5BB91BEC054B006DC9CE /* AppDelegate.swift */ = {isa = PBXFileReference; lastKnownFileType = sourcecode.swift; path = AppDelegate.swift; sourceTree = "<group>"; };
		92CC5BBB1BEC054B006DC9CE /* ViewController.swift */ = {isa = PBXFileReference; lastKnownFileType = sourcecode.swift; path = ViewController.swift; sourceTree = "<group>"; };
		92CC5BBE1BEC054B006DC9CE /* Base */ = {isa = PBXFileReference; lastKnownFileType = file.storyboard; name = Base; path = Base.lproj/Main.storyboard; sourceTree = "<group>"; };
		92CC5BC01BEC054B006DC9CE /* Assets.xcassets */ = {isa = PBXFileReference; lastKnownFileType = folder.assetcatalog; path = Assets.xcassets; sourceTree = "<group>"; };
		92CC5BC31BEC054B006DC9CE /* Base */ = {isa = PBXFileReference; lastKnownFileType = file.storyboard; name = Base; path = Base.lproj/LaunchScreen.storyboard; sourceTree = "<group>"; };
		92CC5BC51BEC054B006DC9CE /* Info.plist */ = {isa = PBXFileReference; lastKnownFileType = text.plist.xml; path = Info.plist; sourceTree = "<group>"; };
/* End PBXFileReference section */

/* Begin PBXFrameworksBuildPhase section */
		92CC5BB31BEC054B006DC9CE /* Frameworks */ = {
			isa = PBXFrameworksBuildPhase;
			buildActionMask = 2147483647;
			files = (
			);
			runOnlyForDeploymentPostprocessing = 0;
		};
/* End PBXFrameworksBuildPhase section */

/* Begin PBXGroup section */
		92CC5BAD1BEC054B006DC9CE = {
			isa = PBXGroup;
			children = (
				92CC5BB81BEC054B006DC9CE /* Flo */,
				92CC5BB71BEC054B006DC9CE /* Products */,
			);
			sourceTree = "<group>";
		};
		92CC5BB71BEC054B006DC9CE /* Products */ = {
			isa = PBXGroup;
			children = (
				92CC5BB61BEC054B006DC9CE /* Flo.app */,
			);
			name = Products;
			sourceTree = "<group>";
		};
		92CC5BB81BEC054B006DC9CE /* Flo */ = {
			isa = PBXGroup;
			children = (
				92CC5BB91BEC054B006DC9CE /* AppDelegate.swift */,
				92CC5BBB1BEC054B006DC9CE /* ViewController.swift */,
				92CC5BBD1BEC054B006DC9CE /* Main.storyboard */,
				92CC5BC01BEC054B006DC9CE /* Assets.xcassets */,
				92CC5BC21BEC054B006DC9CE /* LaunchScreen.storyboard */,
				92CC5BC51BEC054B006DC9CE /* Info.plist */,
			);
			path = Flo;
			sourceTree = "<group>";
		};
/* End PBXGroup section */

/* Begin PBXNativeTarget section */
		92CC5BB51BEC054B006DC9CE /* Flo */ = {
			isa = PBXNativeTarget;
			buildConfigurationList = 92CC5BC81BEC054B006DC9CE /* Build configuration list for PBXNativeTarget "Flo" */;
			buildPhases = (
				92CC5BB21BEC054B006DC9CE /* Sources */,
				92CC5BB31BEC054B006DC9CE /* Frameworks */,
				92CC5BB41BEC054B006DC9CE /* Resources */,
			);
			buildRules = (
			);
			dependencies = (
			);
			name = Flo;
			productName = Flo;
			productReference = 92CC5BB61BEC054B006DC9CE /* Flo.app */;
			productType = "com.apple.product-type.application";
		};
/* End PBXNativeTarget section */

/* Begin PBXProject section */
		92CC5BAE1BEC054B006DC9CE /* Project object */ = {
			isa = PBXProject;
			attributes = {
				LastSwiftUpdateCheck = 0710;
				LastUpgradeCheck = 0710;
				ORGANIZATIONNAME = "Zach Larsen";
				TargetAttributes = {
					92CC5BB51BEC054B006DC9CE = {
						CreatedOnToolsVersion = 7.1;
					};
				};
			};
			buildConfigurationList = 92CC5BB11BEC054B006DC9CE /* Build configuration list for PBXProject "Flo" */;
			compatibilityVersion = "Xcode 3.2";
			developmentRegion = English;
			hasScannedForEncodings = 0;
			knownRegions = (
				en,
				Base,
			);
			mainGroup = 92CC5BAD1BEC054B006DC9CE;
			productRefGroup = 92CC5BB71BEC054B006DC9CE /* Products */;
			projectDirPath = "";
			projectRoot = "";
			targets = (
				92CC5BB51BEC054B006DC9CE /* Flo */,
			);
		};
/* End PBXProject section */

/* Begin PBXResourcesBuildPhase section */
		92CC5BB41BEC054B006DC9CE /* Resources */ = {
			isa = PBXResourcesBuildPhase;
			buildActionMask = 2147483647;
			files = (
				92CC5BC41BEC054B006DC9CE /* LaunchScreen.storyboard in Resources */,
				92CC5BC11BEC054B006DC9CE /* Assets.xcassets in Resources */,
				92CC5BBF1BEC054B006DC9CE /* Main.storyboard in Resources */,
			);
			runOnlyForDeploymentPostprocessing = 0;
		};
/* End PBXResourcesBuildPhase section */

/* Begin PBXSourcesBuildPhase section */
		92CC5BB21BEC054B006DC9CE /* Sources */ = {
			isa = PBXSourcesBuildPhase;
			buildActionMask = 2147483647;
			files = (
				92CC5BBC1BEC054B006DC9CE /* ViewController.swift in Sources */,
				92CC5BBA1BEC054B006DC9CE /* AppDelegate.swift in Sources */,
			);
			runOnlyForDeploymentPostprocessing = 0;
		};
/* End PBXSourcesBuildPhase section */

/* Begin PBXVariantGroup section */
		92CC5BBD1BEC054B006DC9CE /* Main.storyboard */ = {
			isa = PBXVariantGroup;
			children = (
				92CC5BBE1BEC054B006DC9CE /* Base */,
			);
			name = Main.storyboard;
			sourceTree = "<group>";
		};
		92CC5BC21BEC054B006DC9CE /* LaunchScreen.storyboard */ = {
			isa = PBXVariantGroup;
			children = (
				92CC5BC31BEC054B006DC9CE /* Base */,
			);
			name = LaunchScreen.storyboard;
			sourceTree = "<group>";
		};
/* End PBXVariantGroup section */

/* Begin XCBuildConfiguration section */
		92CC5BC61BEC054B006DC9CE /* Debug */ = {
			isa = XCBuildConfiguration;
			buildSettings = {
				ALWAYS_SEARCH_USER_PATHS = NO;
				CLANG_CXX_LANGUAGE_STANDARD = "gnu++0x";
				CLANG_CXX_LIBRARY = "libc++";
				CLANG_ENABLE_MODULES = YES;
				CLANG_ENABLE_OBJC_ARC = YES;
				CLANG_WARN_BOOL_CONVERSION = YES;
				CLANG_WARN_CONSTANT_CONVERSION = YES;
				CLANG_WARN_DIRECT_OBJC_ISA_USAGE = YES_ERROR;
				CLANG_WARN_EMPTY_BODY = YES;
				CLANG_WARN_ENUM_CONVERSION = YES;
				CLANG_WARN_INT_CONVERSION = YES;
				CLANG_WARN_OBJC_ROOT_CLASS = YES_ERROR;
				CLANG_WARN_UNREACHABLE_CODE = YES;
				CLANG_WARN__DUPLICATE_METHOD_MATCH = YES;
				"CODE_SIGN_IDENTITY[sdk=iphoneos*]" = "iPhone Developer";
				COPY_PHASE_STRIP = NO;
				DEBUG_INFORMATION_FORMAT = dwarf;
				ENABLE_STRICT_OBJC_MSGSEND = YES;
				ENABLE_TESTABILITY = YES;
				GCC_C_LANGUAGE_STANDARD = gnu99;
				GCC_DYNAMIC_NO_PIC = NO;
				GCC_NO_COMMON_BLOCKS = YES;
				GCC_OPTIMIZATION_LEVEL = 0;
				GCC_PREPROCESSOR_DEFINITIONS = (
					"DEBUG=1",
					"$(inherited)",
				);
				GCC_WARN_64_TO_32_BIT_CONVERSION = YES;
				GCC_WARN_ABOUT_RETURN_TYPE = YES_ERROR;
				GCC_WARN_UNDECLARED_SELECTOR = YES;
				GCC_WARN_UNINITIALIZED_AUTOS = YES_AGGRESSIVE;
				GCC_WARN_UNUSED_FUNCTION = YES;
				GCC_WARN_UNUSED_VARIABLE = YES;
				IPHONEOS_DEPLOYMENT_TARGET = 9.1;
				MTL_ENABLE_DEBUG_INFO = YES;
				ONLY_ACTIVE_ARCH = YES;
				SDKROOT = iphoneos;
				SWIFT_OPTIMIZATION_LEVEL = "-Onone";
			};
			name = Debug;
		};
		92CC5BC71BEC054B006DC9CE /* Release */ = {
			isa = XCBuildConfiguration;
			buildSettings = {
				ALWAYS_SEARCH_USER_PATHS = NO;
				CLANG_CXX_LANGUAGE_STANDARD = "gnu++0x";
				CLANG_CXX_LIBRARY = "libc++";
				CLANG_ENABLE_MODULES = YES;
				CLANG_ENABLE_OBJC_ARC = YES;
				CLANG_WARN_BOOL_CONVERSION = YES;
				CLANG_WARN_CONSTANT_CONVERSION = YES;
				CLANG_WARN_DIRECT_OBJC_ISA_USAGE = YES_ERROR;
				CLANG_WARN_EMPTY_BODY = YES;
				CLANG_WARN_ENUM_CONVERSION = YES;
				CLANG_WARN_INT_CONVERSION = YES;
				CLANG_WARN_OBJC_ROOT_CLASS = YES_ERROR;
				CLANG_WARN_UNREACHABLE_CODE = YES;
				CLANG_WARN__DUPLICATE_METHOD_MATCH = YES;
				"CODE_SIGN_IDENTITY[sdk=iphoneos*]" = "iPhone Developer";
				COPY_PHASE_STRIP = NO;
				DEBUG_INFORMATION_FORMAT = "dwarf-with-dsym";
				ENABLE_NS_ASSERTIONS = NO;
				ENABLE_STRICT_OBJC_MSGSEND = YES;
				GCC_C_LANGUAGE_STANDARD = gnu99;
				GCC_NO_COMMON_BLOCKS = YES;
				GCC_WARN_64_TO_32_BIT_CONVERSION = YES;
				GCC_WARN_ABOUT_RETURN_TYPE = YES_ERROR;
				GCC_WARN_UNDECLARED_SELECTOR = YES;
				GCC_WARN_UNINITIALIZED_AUTOS = YES_AGGRESSIVE;
				GCC_WARN_UNUSED_FUNCTION = YES;
				GCC_WARN_UNUSED_VARIABLE = YES;
				IPHONEOS_DEPLOYMENT_TARGET = 9.1;
				MTL_ENABLE_DEBUG_INFO = NO;
				SDKROOT = iphoneos;
				VALIDATE_PRODUCT = YES;
			};
			name = Release;
		};
		92CC5BC91BEC054B006DC9CE /* Debug */ = {
			isa = XCBuildConfiguration;
			buildSettings = {
				ASSETCATALOG_COMPILER_APPICON_NAME = AppIcon;
				INFOPLIST_FILE = Flo/Info.plist;
				LD_RUNPATH_SEARCH_PATHS = "$(inherited) @executable_path/Frameworks";
				PRODUCT_BUNDLE_IDENTIFIER = com.zachariahlarsen.Flo;
				PRODUCT_NAME = "$(TARGET_NAME)";
			};
			name = Debug;
		};
		92CC5BCA1BEC054B006DC9CE /* Release */ = {
			isa = XCBuildConfiguration;
			buildSettings = {
				ASSETCATALOG_COMPILER_APPICON_NAME = AppIcon;
				INFOPLIST_FILE = Flo/Info.plist;
				LD_RUNPATH_SEARCH_PATHS = "$(inherited) @executable_path/Frameworks";
				PRODUCT_BUNDLE_IDENTIFIER = com.zachariahlarsen.Flo;
				PRODUCT_NAME = "$(TARGET_NAME)";
			};
			name = Release;
		};
/* End XCBuildConfiguration section */

/* Begin XCConfigurationList section */
		92CC5BB11BEC054B006DC9CE /* Build configuration list for PBXProject "Flo" */ = {
			isa = XCConfigurationList;
			buildConfigurations = (
				92CC5BC61BEC054B006DC9CE /* Debug */,
				92CC5BC71BEC054B006DC9CE /* Release */,
			);
			defaultConfigurationIsVisible = 0;
			defaultConfigurationName = Release;
		};
		92CC5BC81BEC054B006DC9CE /* Build configuration list for PBXNativeTarget "Flo" */ = {
			isa = XCConfigurationList;
			buildConfigurations = (
				92CC5BC91BEC054B006DC9CE /* Debug */,
				92CC5BCA1BEC054B006DC9CE /* Release */,
			);
			defaultConfigurationIsVisible = 0;
		};
/* End XCConfigurationList section */
	};
	rootObject = 92CC5BAE1BEC054B006DC9CE /* Project object */;
}
