// !$*UTF8*$!
{
	archiveVersion = 1;
	classes = {
	};
	objectVersion = 46;
	objects = {

/* Begin PBXBuildFile section */
		926F10BF1B9F815B0037F5B2 /* AppDelegate.swift in Sources */ = {isa = PBXBuildFile; fileRef = 926F10BE1B9F815B0037F5B2 /* AppDelegate.swift */; };
		926F10C11B9F815B0037F5B2 /* ViewController.swift in Sources */ = {isa = PBXBuildFile; fileRef = 926F10C01B9F815B0037F5B2 /* ViewController.swift */; };
		926F10C41B9F815B0037F5B2 /* Main.storyboard in Resources */ = {isa = PBXBuildFile; fileRef = 926F10C21B9F815B0037F5B2 /* Main.storyboard */; };
		926F10C61B9F815B0037F5B2 /* Images.xcassets in Resources */ = {isa = PBXBuildFile; fileRef = 926F10C51B9F815B0037F5B2 /* Images.xcassets */; };
		926F10C91B9F815B0037F5B2 /* LaunchScreen.xib in Resources */ = {isa = PBXBuildFile; fileRef = 926F10C71B9F815B0037F5B2 /* LaunchScreen.xib */; };
		926F10D51B9F815B0037F5B2 /* Prime_SliderTests.swift in Sources */ = {isa = PBXBuildFile; fileRef = 926F10D41B9F815B0037F5B2 /* Prime_SliderTests.swift */; };
/* End PBXBuildFile section */

/* Begin PBXContainerItemProxy section */
		926F10CF1B9F815B0037F5B2 /* PBXContainerItemProxy */ = {
			isa = PBXContainerItemProxy;
			containerPortal = 926F10B11B9F815B0037F5B2 /* Project object */;
			proxyType = 1;
			remoteGlobalIDString = 926F10B81B9F815B0037F5B2;
			remoteInfo = "Prime Slider";
		};
/* End PBXContainerItemProxy section */

/* Begin PBXFileReference section */
		926F10B91B9F815B0037F5B2 /* Prime Slider.app */ = {isa = PBXFileReference; explicitFileType = wrapper.application; includeInIndex = 0; path = "Prime Slider.app"; sourceTree = BUILT_PRODUCTS_DIR; };
		926F10BD1B9F815B0037F5B2 /* Info.plist */ = {isa = PBXFileReference; lastKnownFileType = text.plist.xml; path = Info.plist; sourceTree = "<group>"; };
		926F10BE1B9F815B0037F5B2 /* AppDelegate.swift */ = {isa = PBXFileReference; lastKnownFileType = sourcecode.swift; path = AppDelegate.swift; sourceTree = "<group>"; };
		926F10C01B9F815B0037F5B2 /* ViewController.swift */ = {isa = PBXFileReference; lastKnownFileType = sourcecode.swift; path = ViewController.swift; sourceTree = "<group>"; };
		926F10C31B9F815B0037F5B2 /* Base */ = {isa = PBXFileReference; lastKnownFileType = file.storyboard; name = Base; path = Base.lproj/Main.storyboard; sourceTree = "<group>"; };
		926F10C51B9F815B0037F5B2 /* Images.xcassets */ = {isa = PBXFileReference; lastKnownFileType = folder.assetcatalog; path = Images.xcassets; sourceTree = "<group>"; };
		926F10C81B9F815B0037F5B2 /* Base */ = {isa = PBXFileReference; lastKnownFileType = file.xib; name = Base; path = Base.lproj/LaunchScreen.xib; sourceTree = "<group>"; };
		926F10CE1B9F815B0037F5B2 /* Prime SliderTests.xctest */ = {isa = PBXFileReference; explicitFileType = wrapper.cfbundle; includeInIndex = 0; path = "Prime SliderTests.xctest"; sourceTree = BUILT_PRODUCTS_DIR; };
		926F10D31B9F815B0037F5B2 /* Info.plist */ = {isa = PBXFileReference; lastKnownFileType = text.plist.xml; path = Info.plist; sourceTree = "<group>"; };
		926F10D41B9F815B0037F5B2 /* Prime_SliderTests.swift */ = {isa = PBXFileReference; lastKnownFileType = sourcecode.swift; path = Prime_SliderTests.swift; sourceTree = "<group>"; };
/* End PBXFileReference section */

/* Begin PBXFrameworksBuildPhase section */
		926F10B61B9F815B0037F5B2 /* Frameworks */ = {
			isa = PBXFrameworksBuildPhase;
			buildActionMask = 2147483647;
			files = (
			);
			runOnlyForDeploymentPostprocessing = 0;
		};
		926F10CB1B9F815B0037F5B2 /* Frameworks */ = {
			isa = PBXFrameworksBuildPhase;
			buildActionMask = 2147483647;
			files = (
			);
			runOnlyForDeploymentPostprocessing = 0;
		};
/* End PBXFrameworksBuildPhase section */

/* Begin PBXGroup section */
		926F10B01B9F815B0037F5B2 = {
			isa = PBXGroup;
			children = (
				926F10BB1B9F815B0037F5B2 /* Prime Slider */,
				926F10D11B9F815B0037F5B2 /* Prime SliderTests */,
				926F10BA1B9F815B0037F5B2 /* Products */,
			);
			sourceTree = "<group>";
		};
		926F10BA1B9F815B0037F5B2 /* Products */ = {
			isa = PBXGroup;
			children = (
				926F10B91B9F815B0037F5B2 /* Prime Slider.app */,
				926F10CE1B9F815B0037F5B2 /* Prime SliderTests.xctest */,
			);
			name = Products;
			sourceTree = "<group>";
		};
		926F10BB1B9F815B0037F5B2 /* Prime Slider */ = {
			isa = PBXGroup;
			children = (
				926F10BE1B9F815B0037F5B2 /* AppDelegate.swift */,
				926F10C01B9F815B0037F5B2 /* ViewController.swift */,
				926F10C21B9F815B0037F5B2 /* Main.storyboard */,
				926F10C51B9F815B0037F5B2 /* Images.xcassets */,
				926F10C71B9F815B0037F5B2 /* LaunchScreen.xib */,
				926F10BC1B9F815B0037F5B2 /* Supporting Files */,
			);
			path = "Prime Slider";
			sourceTree = "<group>";
		};
		926F10BC1B9F815B0037F5B2 /* Supporting Files */ = {
			isa = PBXGroup;
			children = (
				926F10BD1B9F815B0037F5B2 /* Info.plist */,
			);
			name = "Supporting Files";
			sourceTree = "<group>";
		};
		926F10D11B9F815B0037F5B2 /* Prime SliderTests */ = {
			isa = PBXGroup;
			children = (
				926F10D41B9F815B0037F5B2 /* Prime_SliderTests.swift */,
				926F10D21B9F815B0037F5B2 /* Supporting Files */,
			);
			path = "Prime SliderTests";
			sourceTree = "<group>";
		};
		926F10D21B9F815B0037F5B2 /* Supporting Files */ = {
			isa = PBXGroup;
			children = (
				926F10D31B9F815B0037F5B2 /* Info.plist */,
			);
			name = "Supporting Files";
			sourceTree = "<group>";
		};
/* End PBXGroup section */

/* Begin PBXNativeTarget section */
		926F10B81B9F815B0037F5B2 /* Prime Slider */ = {
			isa = PBXNativeTarget;
			buildConfigurationList = 926F10D81B9F815B0037F5B2 /* Build configuration list for PBXNativeTarget "Prime Slider" */;
			buildPhases = (
				926F10B51B9F815B0037F5B2 /* Sources */,
				926F10B61B9F815B0037F5B2 /* Frameworks */,
				926F10B71B9F815B0037F5B2 /* Resources */,
			);
			buildRules = (
			);
			dependencies = (
			);
			name = "Prime Slider";
			productName = "Prime Slider";
			productReference = 926F10B91B9F815B0037F5B2 /* Prime Slider.app */;
			productType = "com.apple.product-type.application";
		};
		926F10CD1B9F815B0037F5B2 /* Prime SliderTests */ = {
			isa = PBXNativeTarget;
			buildConfigurationList = 926F10DB1B9F815B0037F5B2 /* Build configuration list for PBXNativeTarget "Prime SliderTests" */;
			buildPhases = (
				926F10CA1B9F815B0037F5B2 /* Sources */,
				926F10CB1B9F815B0037F5B2 /* Frameworks */,
				926F10CC1B9F815B0037F5B2 /* Resources */,
			);
			buildRules = (
			);
			dependencies = (
				926F10D01B9F815B0037F5B2 /* PBXTargetDependency */,
			);
			name = "Prime SliderTests";
			productName = "Prime SliderTests";
			productReference = 926F10CE1B9F815B0037F5B2 /* Prime SliderTests.xctest */;
			productType = "com.apple.product-type.bundle.unit-test";
		};
/* End PBXNativeTarget section */

/* Begin PBXProject section */
		926F10B11B9F815B0037F5B2 /* Project object */ = {
			isa = PBXProject;
			attributes = {
				LastUpgradeCheck = 0630;
				ORGANIZATIONNAME = "Zach Larsen";
				TargetAttributes = {
					926F10B81B9F815B0037F5B2 = {
						CreatedOnToolsVersion = 6.3;
					};
					926F10CD1B9F815B0037F5B2 = {
						CreatedOnToolsVersion = 6.3;
						TestTargetID = 926F10B81B9F815B0037F5B2;
					};
				};
			};
			buildConfigurationList = 926F10B41B9F815B0037F5B2 /* Build configuration list for PBXProject "Prime Slider" */;
			compatibilityVersion = "Xcode 3.2";
			developmentRegion = English;
			hasScannedForEncodings = 0;
			knownRegions = (
				en,
				Base,
			);
			mainGroup = 926F10B01B9F815B0037F5B2;
			productRefGroup = 926F10BA1B9F815B0037F5B2 /* Products */;
			projectDirPath = "";
			projectRoot = "";
			targets = (
				926F10B81B9F815B0037F5B2 /* Prime Slider */,
				926F10CD1B9F815B0037F5B2 /* Prime SliderTests */,
			);
		};
/* End PBXProject section */

/* Begin PBXResourcesBuildPhase section */
		926F10B71B9F815B0037F5B2 /* Resources */ = {
			isa = PBXResourcesBuildPhase;
			buildActionMask = 2147483647;
			files = (
				926F10C41B9F815B0037F5B2 /* Main.storyboard in Resources */,
				926F10C91B9F815B0037F5B2 /* LaunchScreen.xib in Resources */,
				926F10C61B9F815B0037F5B2 /* Images.xcassets in Resources */,
			);
			runOnlyForDeploymentPostprocessing = 0;
		};
		926F10CC1B9F815B0037F5B2 /* Resources */ = {
			isa = PBXResourcesBuildPhase;
			buildActionMask = 2147483647;
			files = (
			);
			runOnlyForDeploymentPostprocessing = 0;
		};
/* End PBXResourcesBuildPhase section */

/* Begin PBXSourcesBuildPhase section */
		926F10B51B9F815B0037F5B2 /* Sources */ = {
			isa = PBXSourcesBuildPhase;
			buildActionMask = 2147483647;
			files = (
				926F10C11B9F815B0037F5B2 /* ViewController.swift in Sources */,
				926F10BF1B9F815B0037F5B2 /* AppDelegate.swift in Sources */,
			);
			runOnlyForDeploymentPostprocessing = 0;
		};
		926F10CA1B9F815B0037F5B2 /* Sources */ = {
			isa = PBXSourcesBuildPhase;
			buildActionMask = 2147483647;
			files = (
				926F10D51B9F815B0037F5B2 /* Prime_SliderTests.swift in Sources */,
			);
			runOnlyForDeploymentPostprocessing = 0;
		};
/* End PBXSourcesBuildPhase section */

/* Begin PBXTargetDependency section */
		926F10D01B9F815B0037F5B2 /* PBXTargetDependency */ = {
			isa = PBXTargetDependency;
			target = 926F10B81B9F815B0037F5B2 /* Prime Slider */;
			targetProxy = 926F10CF1B9F815B0037F5B2 /* PBXContainerItemProxy */;
		};
/* End PBXTargetDependency section */

/* Begin PBXVariantGroup section */
		926F10C21B9F815B0037F5B2 /* Main.storyboard */ = {
			isa = PBXVariantGroup;
			children = (
				926F10C31B9F815B0037F5B2 /* Base */,
			);
			name = Main.storyboard;
			sourceTree = "<group>";
		};
		926F10C71B9F815B0037F5B2 /* LaunchScreen.xib */ = {
			isa = PBXVariantGroup;
			children = (
				926F10C81B9F815B0037F5B2 /* Base */,
			);
			name = LaunchScreen.xib;
			sourceTree = "<group>";
		};
/* End PBXVariantGroup section */

/* Begin XCBuildConfiguration section */
		926F10D61B9F815B0037F5B2 /* Debug */ = {
			isa = XCBuildConfiguration;
			buildSettings = {
				ALWAYS_SEARCH_USER_PATHS = NO;
				CLANG_CXX_LANGUAGE_STANDARD = "gnu++0x";
				CLANG_CXX_LIBRARY = "libc++";
				CLANG_ENABLE_MODULES = YES;
				CLANG_ENABLE_OBJC_ARC = YES;
				CLANG_WARN_BOOL_CONVERSION = YES;
				CLANG_WARN_CONSTANT_CONVERSION = YES;
				CLANG_WARN_DIRECT_OBJC_ISA_USAGE = YES_ERROR;
				CLANG_WARN_EMPTY_BODY = YES;
				CLANG_WARN_ENUM_CONVERSION = YES;
				CLANG_WARN_INT_CONVERSION = YES;
				CLANG_WARN_OBJC_ROOT_CLASS = YES_ERROR;
				CLANG_WARN_UNREACHABLE_CODE = YES;
				CLANG_WARN__DUPLICATE_METHOD_MATCH = YES;
				"CODE_SIGN_IDENTITY[sdk=iphoneos*]" = "iPhone Developer";
				COPY_PHASE_STRIP = NO;
				DEBUG_INFORMATION_FORMAT = "dwarf-with-dsym";
				ENABLE_STRICT_OBJC_MSGSEND = YES;
				GCC_C_LANGUAGE_STANDARD = gnu99;
				GCC_DYNAMIC_NO_PIC = NO;
				GCC_NO_COMMON_BLOCKS = YES;
				GCC_OPTIMIZATION_LEVEL = 0;
				GCC_PREPROCESSOR_DEFINITIONS = (
					"DEBUG=1",
					"$(inherited)",
				);
				GCC_SYMBOLS_PRIVATE_EXTERN = NO;
				GCC_WARN_64_TO_32_BIT_CONVERSION = YES;
				GCC_WARN_ABOUT_RETURN_TYPE = YES_ERROR;
				GCC_WARN_UNDECLARED_SELECTOR = YES;
				GCC_WARN_UNINITIALIZED_AUTOS = YES_AGGRESSIVE;
				GCC_WARN_UNUSED_FUNCTION = YES;
				GCC_WARN_UNUSED_VARIABLE = YES;
				IPHONEOS_DEPLOYMENT_TARGET = 8.3;
				MTL_ENABLE_DEBUG_INFO = YES;
				ONLY_ACTIVE_ARCH = YES;
				SDKROOT = iphoneos;
				SWIFT_OPTIMIZATION_LEVEL = "-Onone";
			};
			name = Debug;
		};
		926F10D71B9F815B0037F5B2 /* Release */ = {
			isa = XCBuildConfiguration;
			buildSettings = {
				ALWAYS_SEARCH_USER_PATHS = NO;
				CLANG_CXX_LANGUAGE_STANDARD = "gnu++0x";
				CLANG_CXX_LIBRARY = "libc++";
				CLANG_ENABLE_MODULES = YES;
				CLANG_ENABLE_OBJC_ARC = YES;
				CLANG_WARN_BOOL_CONVERSION = YES;
				CLANG_WARN_CONSTANT_CONVERSION = YES;
				CLANG_WARN_DIRECT_OBJC_ISA_USAGE = YES_ERROR;
				CLANG_WARN_EMPTY_BODY = YES;
				CLANG_WARN_ENUM_CONVERSION = YES;
				CLANG_WARN_INT_CONVERSION = YES;
				CLANG_WARN_OBJC_ROOT_CLASS = YES_ERROR;
				CLANG_WARN_UNREACHABLE_CODE = YES;
				CLANG_WARN__DUPLICATE_METHOD_MATCH = YES;
				"CODE_SIGN_IDENTITY[sdk=iphoneos*]" = "iPhone Developer";
				COPY_PHASE_STRIP = NO;
				DEBUG_INFORMATION_FORMAT = "dwarf-with-dsym";
				ENABLE_NS_ASSERTIONS = NO;
				ENABLE_STRICT_OBJC_MSGSEND = YES;
				GCC_C_LANGUAGE_STANDARD = gnu99;
				GCC_NO_COMMON_BLOCKS = YES;
				GCC_WARN_64_TO_32_BIT_CONVERSION = YES;
				GCC_WARN_ABOUT_RETURN_TYPE = YES_ERROR;
				GCC_WARN_UNDECLARED_SELECTOR = YES;
				GCC_WARN_UNINITIALIZED_AUTOS = YES_AGGRESSIVE;
				GCC_WARN_UNUSED_FUNCTION = YES;
				GCC_WARN_UNUSED_VARIABLE = YES;
				IPHONEOS_DEPLOYMENT_TARGET = 8.3;
				MTL_ENABLE_DEBUG_INFO = NO;
				SDKROOT = iphoneos;
				VALIDATE_PRODUCT = YES;
			};
			name = Release;
		};
		926F10D91B9F815B0037F5B2 /* Debug */ = {
			isa = XCBuildConfiguration;
			buildSettings = {
				ASSETCATALOG_COMPILER_APPICON_NAME = AppIcon;
				INFOPLIST_FILE = "Prime Slider/Info.plist";
				LD_RUNPATH_SEARCH_PATHS = "$(inherited) @executable_path/Frameworks";
				PRODUCT_NAME = "$(TARGET_NAME)";
			};
			name = Debug;
		};
		926F10DA1B9F815B0037F5B2 /* Release */ = {
			isa = XCBuildConfiguration;
			buildSettings = {
				ASSETCATALOG_COMPILER_APPICON_NAME = AppIcon;
				INFOPLIST_FILE = "Prime Slider/Info.plist";
				LD_RUNPATH_SEARCH_PATHS = "$(inherited) @executable_path/Frameworks";
				PRODUCT_NAME = "$(TARGET_NAME)";
			};
			name = Release;
		};
		926F10DC1B9F815B0037F5B2 /* Debug */ = {
			isa = XCBuildConfiguration;
			buildSettings = {
				BUNDLE_LOADER = "$(TEST_HOST)";
				FRAMEWORK_SEARCH_PATHS = (
					"$(SDKROOT)/Developer/Library/Frameworks",
					"$(inherited)",
				);
				GCC_PREPROCESSOR_DEFINITIONS = (
					"DEBUG=1",
					"$(inherited)",
				);
				INFOPLIST_FILE = "Prime SliderTests/Info.plist";
				LD_RUNPATH_SEARCH_PATHS = "$(inherited) @executable_path/Frameworks @loader_path/Frameworks";
				PRODUCT_NAME = "$(TARGET_NAME)";
				TEST_HOST = "$(BUILT_PRODUCTS_DIR)/Prime Slider.app/Prime Slider";
			};
			name = Debug;
		};
		926F10DD1B9F815B0037F5B2 /* Release */ = {
			isa = XCBuildConfiguration;
			buildSettings = {
				BUNDLE_LOADER = "$(TEST_HOST)";
				FRAMEWORK_SEARCH_PATHS = (
					"$(SDKROOT)/Developer/Library/Frameworks",
					"$(inherited)",
				);
				INFOPLIST_FILE = "Prime SliderTests/Info.plist";
				LD_RUNPATH_SEARCH_PATHS = "$(inherited) @executable_path/Frameworks @loader_path/Frameworks";
				PRODUCT_NAME = "$(TARGET_NAME)";
				TEST_HOST = "$(BUILT_PRODUCTS_DIR)/Prime Slider.app/Prime Slider";
			};
			name = Release;
		};
/* End XCBuildConfiguration section */

/* Begin XCConfigurationList section */
		926F10B41B9F815B0037F5B2 /* Build configuration list for PBXProject "Prime Slider" */ = {
			isa = XCConfigurationList;
			buildConfigurations = (
				926F10D61B9F815B0037F5B2 /* Debug */,
				926F10D71B9F815B0037F5B2 /* Release */,
			);
			defaultConfigurationIsVisible = 0;
			defaultConfigurationName = Release;
		};
		926F10D81B9F815B0037F5B2 /* Build configuration list for PBXNativeTarget "Prime Slider" */ = {
			isa = XCConfigurationList;
			buildConfigurations = (
				926F10D91B9F815B0037F5B2 /* Debug */,
				926F10DA1B9F815B0037F5B2 /* Release */,
			);
			defaultConfigurationIsVisible = 0;
		};
		926F10DB1B9F815B0037F5B2 /* Build configuration list for PBXNativeTarget "Prime SliderTests" */ = {
			isa = XCConfigurationList;
			buildConfigurations = (
				926F10DC1B9F815B0037F5B2 /* Debug */,
				926F10DD1B9F815B0037F5B2 /* Release */,
			);
			defaultConfigurationIsVisible = 0;
		};
/* End XCConfigurationList section */
	};
	rootObject = 926F10B11B9F815B0037F5B2 /* Project object */;
}
